
Microsoft Visual Studio Solution File, Format Version 12.00
# Visual Studio Version 17
VisualStudioVersion = 17.8.34330.188
MinimumVisualStudioVersion = 10.0.40219.1
Project("{FAE04EC0-301F-11D3-BF4B-00C04F79EFBC}") = "WinFormsApp1", "WinFormsApp1\WinFormsApp1.csproj", "{5439059D-C75A-44C8-8037-A75866DBD32E}"
EndProject
Global
	GlobalSection(SolutionConfigurationPlatforms) = preSolution
		Debug|Any CPU = Debug|Any CPU
		Release|Any CPU = Release|Any CPU
	EndGlobalSection
	GlobalSection(ProjectConfigurationPlatforms) = postSolution
		{5439059D-C75A-44C8-8037-A75866DBD32E}.Debug|Any CPU.ActiveCfg = Debug|Any CPU
		{5439059D-C75A-44C8-8037-A75866DBD32E}.Debug|Any CPU.Build.0 = Debug|Any CPU
		{5439059D-C75A-44C8-8037-A75866DBD32E}.Release|Any CPU.ActiveCfg = Release|Any CPU
		{5439059D-C75A-44C8-8037-A75866DBD32E}.Release|Any CPU.Build.0 = Release|Any CPU
	EndGlobalSection
	GlobalSection(SolutionProperties) = preSolution
		HideSolutionNode = FALSE
	EndGlobalSection
	GlobalSection(ExtensibilityGlobals) = postSolution
		SolutionGuid = {7D4010F9-831E-4BBA-8387-1FF9F1B60ED2}
	EndGlobalSection
EndGlobal
